
Microsoft Visual Studio Solution File, Format Version 12.00
# Visual Studio Version 16
VisualStudioVersion = 16.0.30523.141
MinimumVisualStudioVersion = 10.0.40219.1
Project("{FAE04EC0-301F-11D3-BF4B-00C04F79EFBC}") = "RestroQnABot", "RestroQnABot\RestroQnABot.csproj", "{02B2CBB5-E97B-49CC-AECC-EC0F05459DFC}"
EndProject
Global
	GlobalSection(SolutionConfigurationPlatforms) = preSolution
		Debug|Any CPU = Debug|Any CPU
		Release|Any CPU = Release|Any CPU
	EndGlobalSection
	GlobalSection(ProjectConfigurationPlatforms) = postSolution
		{02B2CBB5-E97B-49CC-AECC-EC0F05459DFC}.Debug|Any CPU.ActiveCfg = Debug|Any CPU
		{02B2CBB5-E97B-49CC-AECC-EC0F05459DFC}.Debug|Any CPU.Build.0 = Debug|Any CPU
		{02B2CBB5-E97B-49CC-AECC-EC0F05459DFC}.Release|Any CPU.ActiveCfg = Release|Any CPU
		{02B2CBB5-E97B-49CC-AECC-EC0F05459DFC}.Release|Any CPU.Build.0 = Release|Any CPU
	EndGlobalSection
	GlobalSection(SolutionProperties) = preSolution
		HideSolutionNode = FALSE
	EndGlobalSection
	GlobalSection(ExtensibilityGlobals) = postSolution
		SolutionGuid = {46C548A5-9ED1-4121-B1F5-68BCDD3CD036}
	EndGlobalSection
EndGlobal
